<?xml version="1.0" encoding="utf-8"?>
<Project ToolsVersion="4.0" xmlns="http://schemas.microsoft.com/developer/msbuild/2003">
  <ItemGroup>
    <Filter Include="core">
      <UniqueIdentifier>{93995380-89BD-4b04-88EB-625FBE52EBFB}</UniqueIdentifier>
      <Extensions>h;hh;hpp;hxx;hm;inl;inc;xsd</Extensions>
    </Filter>
    <Filter Include="main">
      <UniqueIdentifier>{9aae537e-f830-4670-a11b-37eb5110eba9}</UniqueIdentifier>
    </Filter>
    <Filter Include="lua">
      <UniqueIdentifier>{bea89fe2-ed86-4003-bb88-64110c31c051}</UniqueIdentifier>
    </Filter>
    <Filter Include="game">
      <UniqueIdentifier>{cd26037b-852c-41f5-9640-65c0b2835ff9}</UniqueIdentifier>
    </Filter>
    <Filter Include="entity">
      <UniqueIdentifier>{1040fe9f-1a4d-40a2-9ae9-cf6cd9267a12}</UniqueIdentifier>
    </Filter>
    <Filter Include="hero">
      <UniqueIdentifier>{f0ef9234-51e0-49e9-a045-a45b29689131}</UniqueIdentifier>
    </Filter>
    <Filter Include="common">
      <UniqueIdentifier>{9a0fe236-14f6-4a94-bdea-c47a161ca9e9}</UniqueIdentifier>
    </Filter>
    <Filter Include="lua\luaApi">
      <UniqueIdentifier>{e23619c4-81c5-413c-af86-dfd91cadfbf4}</UniqueIdentifier>
    </Filter>
    <Filter Include="utils">
      <UniqueIdentifier>{967efb1c-ff14-4570-b9cc-2a808ea0da17}</UniqueIdentifier>
    </Filter>
  </ItemGroup>
  <ItemGroup>
    <ClCompile Include="src\main\main.cpp">
      <Filter>main</Filter>
    </ClCompile>
    <ClCompile Include="src\lua\luaContext.cpp">
      <Filter>lua</Filter>
    </ClCompile>
    <ClCompile Include="src\lua\mainApi.cpp">
      <Filter>lua\luaApi</Filter>
    </ClCompile>
    <ClCompile Include="src\lua\luaTools.cpp">
      <Filter>lua</Filter>
    </ClCompile>
    <ClCompile Include="src\core\fileData.cpp">
      <Filter>core</Filter>
    </ClCompile>
    <ClCompile Include="src\lua\timeApi.cpp">
      <Filter>lua\luaApi</Filter>
    </ClCompile>
    <ClCompile Include="src\lua\luaRef.cpp">
      <Filter>lua</Filter>
    </ClCompile>
    <ClCompile Include="src\core\debug.cpp">
      <Filter>core</Filter>
    </ClCompile>
    <ClCompile Include="src\core\logger.cpp">
      <Filter>core</Filter>
    </ClCompile>
    <ClCompile Include="src\game\timer.cpp">
      <Filter>game</Filter>
    </ClCompile>
    <ClCompile Include="src\core\system.cpp">
      <Filter>core</Filter>
    </ClCompile>
    <ClCompile Include="src\game\app.cpp">
      <Filter>game</Filter>
    </ClCompile>
    <ClCompile Include="src\lua\luaException.cpp">
      <Filter>lua</Filter>
    </ClCompile>
    <ClCompile Include="src\lua\menuApi.cpp">
      <Filter>lua\luaApi</Filter>
    </ClCompile>
    <ClCompile Include="src\core\inputEvent.cpp">
      <Filter>core</Filter>
    </ClCompile>
    <ClCompile Include="src\core\random.cpp">
      <Filter>core</Filter>
    </ClCompile>
    <ClCompile Include="src\core\video.cpp">
      <Filter>core</Filter>
    </ClCompile>
    <ClCompile Include="src\lua\luaData.cpp">
      <Filter>lua</Filter>
    </ClCompile>
  </ItemGroup>
  <ItemGroup>
    <ClInclude Include="src\common\common.h">
      <Filter>common</Filter>
    </ClInclude>
    <ClInclude Include="src\lua\luaContext.h">
      <Filter>lua</Filter>
    </ClInclude>
    <ClInclude Include="src\lua\luaTools.h">
      <Filter>lua</Filter>
    </ClInclude>
    <ClInclude Include="src\core\fileData.h">
      <Filter>core</Filter>
    </ClInclude>
    <ClInclude Include="src\lua\luaRef.h">
      <Filter>lua</Filter>
    </ClInclude>
    <ClInclude Include="src\core\debug.h">
      <Filter>core</Filter>
    </ClInclude>
    <ClInclude Include="src\core\logger.h">
      <Filter>core</Filter>
    </ClInclude>
    <ClInclude Include="src\game\timer.h">
      <Filter>game</Filter>
    </ClInclude>
    <ClInclude Include="src\core\system.h">
      <Filter>core</Filter>
    </ClInclude>
    <ClInclude Include="src\game\app.h">
      <Filter>game</Filter>
    </ClInclude>
    <ClInclude Include="src\lua\luaException.h">
      <Filter>lua</Filter>
    </ClInclude>
    <ClInclude Include="src\core\inputEvent.h">
      <Filter>core</Filter>
    </ClInclude>
    <ClInclude Include="src\core\random.h">
      <Filter>core</Filter>
    </ClInclude>
    <ClInclude Include="src\core\video.h">
      <Filter>core</Filter>
    </ClInclude>
    <ClInclude Include="src\utils\size.h">
      <Filter>utils</Filter>
    </ClInclude>
    <ClInclude Include="src\lua\luaData.h">
      <Filter>lua</Filter>
    </ClInclude>
    <ClInclude Include="src\game\currentQuest.h">
      <Filter>game</Filter>
    </ClInclude>
    <ClInclude Include="src\core\configData.h">
      <Filter>game</Filter>
    </ClInclude>
  </ItemGroup>
  <ItemGroup>
    <None Include="packages.config" />
    <None Include="src\utils\size.inl">
      <Filter>utils</Filter>
    </None>
  </ItemGroup>
</Project>