<?xml version="1.0" encoding="utf-8"?>
<Project ToolsVersion="4.0" xmlns="http://schemas.microsoft.com/developer/msbuild/2003">
  <ItemGroup>
    <Filter Include="core">
      <UniqueIdentifier>{93995380-89BD-4b04-88EB-625FBE52EBFB}</UniqueIdentifier>
      <Extensions>h;hh;hpp;hxx;hm;inl;inc;xsd</Extensions>
    </Filter>
    <Filter Include="main">
      <UniqueIdentifier>{9aae537e-f830-4670-a11b-37eb5110eba9}</UniqueIdentifier>
    </Filter>
    <Filter Include="lua">
      <UniqueIdentifier>{bea89fe2-ed86-4003-bb88-64110c31c051}</UniqueIdentifier>
    </Filter>
    <Filter Include="game">
      <UniqueIdentifier>{cd26037b-852c-41f5-9640-65c0b2835ff9}</UniqueIdentifier>
    </Filter>
    <Filter Include="entity">
      <UniqueIdentifier>{1040fe9f-1a4d-40a2-9ae9-cf6cd9267a12}</UniqueIdentifier>
    </Filter>
    <Filter Include="common">
      <UniqueIdentifier>{9a0fe236-14f6-4a94-bdea-c47a161ca9e9}</UniqueIdentifier>
    </Filter>
    <Filter Include="lua\luaApi">
      <UniqueIdentifier>{e23619c4-81c5-413c-af86-dfd91cadfbf4}</UniqueIdentifier>
    </Filter>
    <Filter Include="utils">
      <UniqueIdentifier>{967efb1c-ff14-4570-b9cc-2a808ea0da17}</UniqueIdentifier>
    </Filter>
    <Filter Include="movments">
      <UniqueIdentifier>{fc058d36-6977-4403-9e97-cc326a14756a}</UniqueIdentifier>
    </Filter>
    <Filter Include="gui">
      <UniqueIdentifier>{de4d3070-63ca-4229-ae28-9a14afb1a68f}</UniqueIdentifier>
    </Filter>
    <Filter Include="gui\core">
      <UniqueIdentifier>{9ca96c2d-e463-4883-8ab6-bd1993b536ca}</UniqueIdentifier>
    </Filter>
    <Filter Include="gui\widget">
      <UniqueIdentifier>{c3d94762-de08-4a8c-8698-2813e9e34947}</UniqueIdentifier>
    </Filter>
    <Filter Include="gui\lua">
      <UniqueIdentifier>{303e3fb6-4964-4ab6-8f8f-bb1a443398d9}</UniqueIdentifier>
    </Filter>
    <Filter Include="player">
      <UniqueIdentifier>{f0ef9234-51e0-49e9-a045-a45b29689131}</UniqueIdentifier>
    </Filter>
  </ItemGroup>
  <ItemGroup>
    <ClCompile Include="src\main\main.cpp">
      <Filter>main</Filter>
    </ClCompile>
    <ClCompile Include="src\lua\mainApi.cpp">
      <Filter>lua\luaApi</Filter>
    </ClCompile>
    <ClCompile Include="src\lua\luaTools.cpp">
      <Filter>lua</Filter>
    </ClCompile>
    <ClCompile Include="src\core\fileData.cpp">
      <Filter>core</Filter>
    </ClCompile>
    <ClCompile Include="src\lua\timeApi.cpp">
      <Filter>lua\luaApi</Filter>
    </ClCompile>
    <ClCompile Include="src\lua\luaRef.cpp">
      <Filter>lua</Filter>
    </ClCompile>
    <ClCompile Include="src\core\debug.cpp">
      <Filter>core</Filter>
    </ClCompile>
    <ClCompile Include="src\core\logger.cpp">
      <Filter>core</Filter>
    </ClCompile>
    <ClCompile Include="src\game\timer.cpp">
      <Filter>game</Filter>
    </ClCompile>
    <ClCompile Include="src\core\system.cpp">
      <Filter>core</Filter>
    </ClCompile>
    <ClCompile Include="src\game\app.cpp">
      <Filter>game</Filter>
    </ClCompile>
    <ClCompile Include="src\lua\luaException.cpp">
      <Filter>lua</Filter>
    </ClCompile>
    <ClCompile Include="src\lua\menuApi.cpp">
      <Filter>lua\luaApi</Filter>
    </ClCompile>
    <ClCompile Include="src\core\inputEvent.cpp">
      <Filter>core</Filter>
    </ClCompile>
    <ClCompile Include="src\core\random.cpp">
      <Filter>core</Filter>
    </ClCompile>
    <ClCompile Include="src\core\video.cpp">
      <Filter>core</Filter>
    </ClCompile>
    <ClCompile Include="src\lua\luaData.cpp">
      <Filter>lua</Filter>
    </ClCompile>
    <ClCompile Include="src\main\test.cpp">
      <Filter>main</Filter>
    </ClCompile>
    <ClCompile Include="src\lua\videoApi.cpp">
      <Filter>lua\luaApi</Filter>
    </ClCompile>
    <ClCompile Include="src\core\renderer.cpp">
      <Filter>core</Filter>
    </ClCompile>
    <ClCompile Include="src\core\renderCommand.cpp">
      <Filter>core</Filter>
    </ClCompile>
    <ClCompile Include="src\utils\color.cpp">
      <Filter>utils</Filter>
    </ClCompile>
    <ClCompile Include="src\core\quadCommand.cpp">
      <Filter>core</Filter>
    </ClCompile>
    <ClCompile Include="src\utils\matrix4.cpp">
      <Filter>utils</Filter>
    </ClCompile>
    <ClCompile Include="src\core\glProgram.cpp">
      <Filter>core</Filter>
    </ClCompile>
    <ClCompile Include="src\core\texture.cpp">
      <Filter>core</Filter>
    </ClCompile>
    <ClCompile Include="src\core\resourceCache.cpp">
      <Filter>core</Filter>
    </ClCompile>
    <ClCompile Include="src\core\glProgramState.cpp">
      <Filter>core</Filter>
    </ClCompile>
    <ClCompile Include="src\utils\xxhash.c">
      <Filter>utils</Filter>
    </ClCompile>
    <ClCompile Include="src\game\sprite.cpp">
      <Filter>game</Filter>
    </ClCompile>
    <ClCompile Include="src\movements\movement.cpp">
      <Filter>movments</Filter>
    </ClCompile>
    <ClCompile Include="src\game\drawable.cpp">
      <Filter>game</Filter>
    </ClCompile>
    <ClCompile Include="src\game\animationSprite.cpp">
      <Filter>game</Filter>
    </ClCompile>
    <ClCompile Include="src\game\animationData.cpp">
      <Filter>game</Filter>
    </ClCompile>
    <ClCompile Include="src\game\animation.cpp">
      <Filter>game</Filter>
    </ClCompile>
    <ClCompile Include="src\game\animationSet.cpp">
      <Filter>game</Filter>
    </ClCompile>
    <ClCompile Include="src\lua\spriteApi.cpp">
      <Filter>lua\luaApi</Filter>
    </ClCompile>
    <ClCompile Include="src\lua\animationApi.cpp">
      <Filter>lua\luaApi</Filter>
    </ClCompile>
    <ClCompile Include="src\lua\luaObject.cpp">
      <Filter>lua</Filter>
    </ClCompile>
    <ClCompile Include="src\movements\straightMovement.cpp">
      <Filter>movments</Filter>
    </ClCompile>
    <ClCompile Include="src\entity\player.cpp">
      <Filter>entity</Filter>
    </ClCompile>
    <ClCompile Include="src\game\game.cpp">
      <Filter>game</Filter>
    </ClCompile>
    <ClCompile Include="src\movements\targetMovement.cpp">
      <Filter>movments</Filter>
    </ClCompile>
    <ClCompile Include="src\entity\entity.cpp">
      <Filter>entity</Filter>
    </ClCompile>
    <ClCompile Include="src\lua\luaContext.cpp">
      <Filter>lua</Filter>
    </ClCompile>
    <ClCompile Include="src\core\types.cpp">
      <Filter>core</Filter>
    </ClCompile>
    <ClCompile Include="src\lua\drawableApi.cpp">
      <Filter>lua\luaApi</Filter>
    </ClCompile>
    <ClCompile Include="src\lua\movementApi.cpp">
      <Filter>lua\luaApi</Filter>
    </ClCompile>
    <ClCompile Include="src\game\map.cpp">
      <Filter>game</Filter>
    </ClCompile>
    <ClCompile Include="src\entity\entities.cpp">
      <Filter>entity</Filter>
    </ClCompile>
    <ClCompile Include="src\game\savegame.cpp">
      <Filter>game</Filter>
    </ClCompile>
    <ClCompile Include="src\lua\gameApi.cpp">
      <Filter>lua\luaApi</Filter>
    </ClCompile>
    <ClCompile Include="src\lua\mapApi.cpp">
      <Filter>lua\luaApi</Filter>
    </ClCompile>
    <ClCompile Include="src\movements\rotateMovement.cpp">
      <Filter>movments</Filter>
    </ClCompile>
    <ClCompile Include="src\entity\camera.cpp">
      <Filter>entity</Filter>
    </ClCompile>
    <ClCompile Include="src\game\setting.cpp">
      <Filter>game</Filter>
    </ClCompile>
    <ClCompile Include="src\game\mapData.cpp">
      <Filter>game</Filter>
    </ClCompile>
    <ClCompile Include="src\gui\core\dispatcher.cpp">
      <Filter>gui\core</Filter>
    </ClCompile>
    <ClCompile Include="src\gui\core\handler.cpp">
      <Filter>gui\core</Filter>
    </ClCompile>
    <ClCompile Include="src\gui\widget\widget.cpp">
      <Filter>gui\widget</Filter>
    </ClCompile>
    <ClCompile Include="src\gui\core\builderWindow.cpp">
      <Filter>gui\core</Filter>
    </ClCompile>
    <ClCompile Include="src\gui\widget\window.cpp">
      <Filter>gui\widget</Filter>
    </ClCompile>
    <ClCompile Include="src\gui\widget\grid.cpp">
      <Filter>gui\widget</Filter>
    </ClCompile>
    <ClCompile Include="src\gui\widget\styledwidget.cpp">
      <Filter>gui\widget</Filter>
    </ClCompile>
    <ClCompile Include="src\core\font.cpp">
      <Filter>core</Filter>
    </ClCompile>
    <ClCompile Include="src\core\fontAtlas.cpp">
      <Filter>core</Filter>
    </ClCompile>
    <ClCompile Include="src\core\asyncLoader.cpp">
      <Filter>core</Filter>
    </ClCompile>
    <ClCompile Include="src\lua\fontApi.cpp">
      <Filter>lua\luaApi</Filter>
    </ClCompile>
    <ClCompile Include="src\gui\widget\containerBase.cpp">
      <Filter>gui\widget</Filter>
    </ClCompile>
    <ClCompile Include="src\game\textDrawable.cpp">
      <Filter>game</Filter>
    </ClCompile>
    <ClCompile Include="src\lua\asyncLoaderApi.cpp">
      <Filter>lua\luaApi</Filter>
    </ClCompile>
    <ClCompile Include="src\gui\core\distributor.cpp">
      <Filter>gui\core</Filter>
    </ClCompile>
    <ClCompile Include="src\gui\widget\selections.cpp">
      <Filter>gui\widget</Filter>
    </ClCompile>
    <ClCompile Include="src\gui\widget\button.cpp">
      <Filter>gui\widget</Filter>
    </ClCompile>
    <ClCompile Include="src\gui\widget\toggleButton.cpp">
      <Filter>gui\widget</Filter>
    </ClCompile>
    <ClCompile Include="src\core\configData.cpp">
      <Filter>core</Filter>
    </ClCompile>
    <ClCompile Include="src\entity\entityInfo.cpp">
      <Filter>entity</Filter>
    </ClCompile>
    <ClCompile Include="src\entity\entityData.cpp">
      <Filter>entity</Filter>
    </ClCompile>
    <ClCompile Include="src\entity\tileset.cpp">
      <Filter>entity</Filter>
    </ClCompile>
    <ClCompile Include="src\lua\entityApi.cpp">
      <Filter>lua\luaApi</Filter>
    </ClCompile>
    <ClCompile Include="src\entity\tile.cpp">
      <Filter>entity</Filter>
    </ClCompile>
    <ClCompile Include="src\entity\tilepattern.cpp">
      <Filter>entity</Filter>
    </ClCompile>
    <ClCompile Include="src\entity\noAnimatedTilePattern.cpp">
      <Filter>entity</Filter>
    </ClCompile>
    <ClCompile Include="src\entity\animatedTilePattern.cpp">
      <Filter>entity</Filter>
    </ClCompile>
    <ClCompile Include="src\entity\entityState.cpp">
      <Filter>entity</Filter>
    </ClCompile>
    <ClCompile Include="src\entity\tileRegions.cpp">
      <Filter>entity</Filter>
    </ClCompile>
    <ClCompile Include="src\game\gameCommands.cpp">
      <Filter>game</Filter>
    </ClCompile>
    <ClCompile Include="src\movements\playerMovement.cpp">
      <Filter>movments</Filter>
    </ClCompile>
    <ClCompile Include="src\player\movementState.cpp">
      <Filter>player</Filter>
    </ClCompile>
    <ClCompile Include="src\player\playerSprite.cpp">
      <Filter>player</Filter>
    </ClCompile>
    <ClCompile Include="src\player\freeState.cpp">
      <Filter>player</Filter>
    </ClCompile>
    <ClCompile Include="src\player\mouseState.cpp">
      <Filter>player</Filter>
    </ClCompile>
    <ClCompile Include="src\entity\groundInfo.cpp">
      <Filter>entity</Filter>
    </ClCompile>
    <ClCompile Include="src\game\equipment.cpp">
      <Filter>game</Filter>
    </ClCompile>
    <ClCompile Include="src\core\sound.cpp">
      <Filter>core</Filter>
    </ClCompile>
    <ClCompile Include="src\core\oggDecoder.cpp">
      <Filter>core</Filter>
    </ClCompile>
    <ClCompile Include="src\core\music.cpp">
      <Filter>core</Filter>
    </ClCompile>
    <ClCompile Include="src\lua\soundApi.cpp">
      <Filter>lua\luaApi</Filter>
    </ClCompile>
    <ClCompile Include="src\entity\pickable.cpp">
      <Filter>entity</Filter>
    </ClCompile>
    <ClCompile Include="src\game\particleSystem.cpp">
      <Filter>game</Filter>
    </ClCompile>
    <ClCompile Include="src\game\particleData.cpp">
      <Filter>game</Filter>
    </ClCompile>
    <ClCompile Include="src\movements\accelMovement.cpp">
      <Filter>movments</Filter>
    </ClCompile>
    <ClCompile Include="src\lua\particleApi.cpp">
      <Filter>lua\luaApi</Filter>
    </ClCompile>
    <ClCompile Include="src\game\itemAcquired.cpp">
      <Filter>game</Filter>
    </ClCompile>
    <ClCompile Include="src\movements\sequenceMovement.cpp">
      <Filter>movments</Filter>
    </ClCompile>
    <ClCompile Include="src\game\item.cpp">
      <Filter>game</Filter>
    </ClCompile>
    <ClCompile Include="src\game\gameResources.cpp">
      <Filter>game</Filter>
    </ClCompile>
    <ClCompile Include="src\lua\itemApi.cpp">
      <Filter>lua\luaApi</Filter>
    </ClCompile>
    <ClCompile Include="src\game\itemBeg.cpp">
      <Filter>game</Filter>
    </ClCompile>
    <ClCompile Include="src\gui\lua\windowsApi.cpp">
      <Filter>gui\lua</Filter>
    </ClCompile>
    <ClCompile Include="src\entity\enemy.cpp">
      <Filter>entity</Filter>
    </ClCompile>
    <ClCompile Include="src\core\renderCommandPool.cpp">
      <Filter>core</Filter>
    </ClCompile>
    <ClCompile Include="src\lua\fileDataApi.cpp">
      <Filter>lua\luaApi</Filter>
    </ClCompile>
    <ClCompile Include="src\game\quest.cpp">
      <Filter>game</Filter>
    </ClCompile>
    <ClCompile Include="src\main\example_gl3.c">
      <Filter>main</Filter>
    </ClCompile>
    <ClCompile Include="src\main\demo.c">
      <Filter>main</Filter>
    </ClCompile>
    <ClCompile Include="src\main\perf.c">
      <Filter>main</Filter>
    </ClCompile>
    <ClCompile Include="src\utils\nanovg.c">
      <Filter>utils</Filter>
    </ClCompile>
    <ClCompile Include="src\gui\core\uiRender.cpp">
      <Filter>gui\core</Filter>
    </ClCompile>
    <ClCompile Include="src\core\perf.cpp">
      <Filter>core</Filter>
    </ClCompile>
    <ClCompile Include="src\core\light.cpp">
      <Filter>core</Filter>
    </ClCompile>
    <ClCompile Include="src\game\mapGenerate.cpp">
      <Filter>game</Filter>
    </ClCompile>
    <ClCompile Include="src\core\renderPass.cpp">
      <Filter>core</Filter>
    </ClCompile>
    <ClCompile Include="src\gui\uiStage.cpp">
      <Filter>gui</Filter>
    </ClCompile>
    <ClCompile Include="src\core\vertexArray.cpp">
      <Filter>core</Filter>
    </ClCompile>
  </ItemGroup>
  <ItemGroup>
    <ClInclude Include="src\common\common.h">
      <Filter>common</Filter>
    </ClInclude>
    <ClInclude Include="src\lua\luaContext.h">
      <Filter>lua</Filter>
    </ClInclude>
    <ClInclude Include="src\lua\luaTools.h">
      <Filter>lua</Filter>
    </ClInclude>
    <ClInclude Include="src\core\fileData.h">
      <Filter>core</Filter>
    </ClInclude>
    <ClInclude Include="src\lua\luaRef.h">
      <Filter>lua</Filter>
    </ClInclude>
    <ClInclude Include="src\core\debug.h">
      <Filter>core</Filter>
    </ClInclude>
    <ClInclude Include="src\core\logger.h">
      <Filter>core</Filter>
    </ClInclude>
    <ClInclude Include="src\game\timer.h">
      <Filter>game</Filter>
    </ClInclude>
    <ClInclude Include="src\core\system.h">
      <Filter>core</Filter>
    </ClInclude>
    <ClInclude Include="src\game\app.h">
      <Filter>game</Filter>
    </ClInclude>
    <ClInclude Include="src\lua\luaException.h">
      <Filter>lua</Filter>
    </ClInclude>
    <ClInclude Include="src\core\inputEvent.h">
      <Filter>core</Filter>
    </ClInclude>
    <ClInclude Include="src\core\random.h">
      <Filter>core</Filter>
    </ClInclude>
    <ClInclude Include="src\core\video.h">
      <Filter>core</Filter>
    </ClInclude>
    <ClInclude Include="src\utils\size.h">
      <Filter>utils</Filter>
    </ClInclude>
    <ClInclude Include="src\lua\luaData.h">
      <Filter>lua</Filter>
    </ClInclude>
    <ClInclude Include="src\core\renderer.h">
      <Filter>core</Filter>
    </ClInclude>
    <ClInclude Include="src\game\enumInfo.h">
      <Filter>game</Filter>
    </ClInclude>
    <ClInclude Include="src\main\test.h">
      <Filter>main</Filter>
    </ClInclude>
    <ClInclude Include="src\core\renderCommand.h">
      <Filter>core</Filter>
    </ClInclude>
    <ClInclude Include="src\core\types.h">
      <Filter>core</Filter>
    </ClInclude>
    <ClInclude Include="src\utils\color.h">
      <Filter>utils</Filter>
    </ClInclude>
    <ClInclude Include="src\utils\vec3.h">
      <Filter>utils</Filter>
    </ClInclude>
    <ClInclude Include="src\core\quadCommand.h">
      <Filter>core</Filter>
    </ClInclude>
    <ClInclude Include="src\utils\vec2.h">
      <Filter>utils</Filter>
    </ClInclude>
    <ClInclude Include="src\game\sprite.h">
      <Filter>game</Filter>
    </ClInclude>
    <ClInclude Include="src\game\drawable.h">
      <Filter>game</Filter>
    </ClInclude>
    <ClInclude Include="src\core\glProgram.h">
      <Filter>core</Filter>
    </ClInclude>
    <ClInclude Include="src\core\glProgramState.h">
      <Filter>core</Filter>
    </ClInclude>
    <ClInclude Include="src\utils\matrix4.h">
      <Filter>utils</Filter>
    </ClInclude>
    <ClInclude Include="src\utils\geometry.h">
      <Filter>utils</Filter>
    </ClInclude>
    <ClInclude Include="src\utils\point.h">
      <Filter>utils</Filter>
    </ClInclude>
    <ClInclude Include="src\core\texture.h">
      <Filter>core</Filter>
    </ClInclude>
    <ClInclude Include="src\core\resourceCache.h">
      <Filter>core</Filter>
    </ClInclude>
    <ClInclude Include="src\utils\quadTree.h">
      <Filter>utils</Filter>
    </ClInclude>
    <ClInclude Include="src\utils\rectangle.h">
      <Filter>utils</Filter>
    </ClInclude>
    <ClInclude Include="src\utils\xxhash.h">
      <Filter>utils</Filter>
    </ClInclude>
    <ClInclude Include="src\movements\movement.h">
      <Filter>movments</Filter>
    </ClInclude>
    <ClInclude Include="src\game\animationSprite.h">
      <Filter>game</Filter>
    </ClInclude>
    <ClInclude Include="src\game\animationData.h">
      <Filter>game</Filter>
    </ClInclude>
    <ClInclude Include="src\game\animationSet.h">
      <Filter>game</Filter>
    </ClInclude>
    <ClInclude Include="src\game\animation.h">
      <Filter>game</Filter>
    </ClInclude>
    <ClInclude Include="src\lua\luaObject.h">
      <Filter>lua</Filter>
    </ClInclude>
    <ClInclude Include="src\movements\straightMovement.h">
      <Filter>movments</Filter>
    </ClInclude>
    <ClInclude Include="src\entity\player.h">
      <Filter>entity</Filter>
    </ClInclude>
    <ClInclude Include="src\game\game.h">
      <Filter>game</Filter>
    </ClInclude>
    <ClInclude Include="src\game\savegame.h">
      <Filter>game</Filter>
    </ClInclude>
    <ClInclude Include="src\movements\targetMovement.h">
      <Filter>movments</Filter>
    </ClInclude>
    <ClInclude Include="src\entity\entity.h">
      <Filter>entity</Filter>
    </ClInclude>
    <ClInclude Include="src\game\map.h">
      <Filter>game</Filter>
    </ClInclude>
    <ClInclude Include="src\entity\entities.h">
      <Filter>entity</Filter>
    </ClInclude>
    <ClInclude Include="src\game\setting.h">
      <Filter>game</Filter>
    </ClInclude>
    <ClInclude Include="src\movements\rotateMovement.h">
      <Filter>movments</Filter>
    </ClInclude>
    <ClInclude Include="src\entity\camera.h">
      <Filter>entity</Filter>
    </ClInclude>
    <ClInclude Include="src\game\mapData.h">
      <Filter>game</Filter>
    </ClInclude>
    <ClInclude Include="src\gui\core\handler.h">
      <Filter>gui\core</Filter>
    </ClInclude>
    <ClInclude Include="src\gui\widget\widget.h">
      <Filter>gui\widget</Filter>
    </ClInclude>
    <ClInclude Include="src\gui\core\dispatcher_private.h">
      <Filter>gui\core</Filter>
    </ClInclude>
    <ClInclude Include="src\utils\typeSet.h">
      <Filter>utils</Filter>
    </ClInclude>
    <ClInclude Include="src\gui\widget\window.h">
      <Filter>gui\widget</Filter>
    </ClInclude>
    <ClInclude Include="src\gui\core\builderWindow.h">
      <Filter>gui\core</Filter>
    </ClInclude>
    <ClInclude Include="src\gui\core\widgetDefinition.h">
      <Filter>gui\core</Filter>
    </ClInclude>
    <ClInclude Include="src\gui\widget\grid.h">
      <Filter>gui\widget</Filter>
    </ClInclude>
    <ClInclude Include="src\gui\core\message.h">
      <Filter>gui\core</Filter>
    </ClInclude>
    <ClInclude Include="src\gui\widget\styledwidget.h">
      <Filter>gui\widget</Filter>
    </ClInclude>
    <ClInclude Include="src\core\font.h">
      <Filter>core</Filter>
    </ClInclude>
    <ClInclude Include="src\core\fontAtlas.h">
      <Filter>core</Filter>
    </ClInclude>
    <ClInclude Include="src\core\asyncLoader.h">
      <Filter>core</Filter>
    </ClInclude>
    <ClInclude Include="src\gui\widget\containerBase.h">
      <Filter>gui\widget</Filter>
    </ClInclude>
    <ClInclude Include="src\game\textDrawable.h">
      <Filter>game</Filter>
    </ClInclude>
    <ClInclude Include="src\gui\core\distributor.h">
      <Filter>gui\core</Filter>
    </ClInclude>
    <ClInclude Include="src\gui\core\dispatcher.h">
      <Filter>gui\core</Filter>
    </ClInclude>
    <ClInclude Include="src\gui\widget\button.h">
      <Filter>gui\widget</Filter>
    </ClInclude>
    <ClInclude Include="src\gui\aboutGUI.h">
      <Filter>gui</Filter>
    </ClInclude>
    <ClInclude Include="src\gui\widget\selections.h">
      <Filter>gui\widget</Filter>
    </ClInclude>
    <ClInclude Include="src\gui\widget\selections_private.h">
      <Filter>gui\widget</Filter>
    </ClInclude>
    <ClInclude Include="src\gui\widget\selectableItem.h">
      <Filter>gui\widget</Filter>
    </ClInclude>
    <ClInclude Include="src\gui\widget\toggleButton.h">
      <Filter>gui\widget</Filter>
    </ClInclude>
    <ClInclude Include="src\core\configData.h">
      <Filter>core</Filter>
    </ClInclude>
    <ClInclude Include="src\entity\entityInfo.h">
      <Filter>entity</Filter>
    </ClInclude>
    <ClInclude Include="src\entity\entityData.h">
      <Filter>entity</Filter>
    </ClInclude>
    <ClInclude Include="src\entity\tileset.h">
      <Filter>entity</Filter>
    </ClInclude>
    <ClInclude Include="src\entity\tile.h">
      <Filter>entity</Filter>
    </ClInclude>
    <ClInclude Include="src\entity\tilepattern.h">
      <Filter>entity</Filter>
    </ClInclude>
    <ClInclude Include="src\utils\grid.h">
      <Filter>utils</Filter>
    </ClInclude>
    <ClInclude Include="src\entity\animatedTilePattern.h">
      <Filter>entity</Filter>
    </ClInclude>
    <ClInclude Include="src\entity\noAnimatedTilePattern.h">
      <Filter>entity</Filter>
    </ClInclude>
    <ClInclude Include="src\entity\entityState.h">
      <Filter>entity</Filter>
    </ClInclude>
    <ClInclude Include="src\utils\objectPool.h">
      <Filter>utils</Filter>
    </ClInclude>
    <ClInclude Include="src\entity\tileRegions.h">
      <Filter>entity</Filter>
    </ClInclude>
    <ClInclude Include="src\game\gameCommands.h">
      <Filter>game</Filter>
    </ClInclude>
    <ClInclude Include="src\movements\playerMovement.h">
      <Filter>movments</Filter>
    </ClInclude>
    <ClInclude Include="src\player\playerSprite.h">
      <Filter>player</Filter>
    </ClInclude>
    <ClInclude Include="src\player\movementState.h">
      <Filter>player</Filter>
    </ClInclude>
    <ClInclude Include="src\player\freeState.h">
      <Filter>player</Filter>
    </ClInclude>
    <ClInclude Include="src\player\mouseState.h">
      <Filter>player</Filter>
    </ClInclude>
    <ClInclude Include="src\entity\groundInfo.h">
      <Filter>entity</Filter>
    </ClInclude>
    <ClInclude Include="src\entity\enemy.h">
      <Filter>entity</Filter>
    </ClInclude>
    <ClInclude Include="src\core\sound.h">
      <Filter>core</Filter>
    </ClInclude>
    <ClInclude Include="src\game\equipment.h">
      <Filter>game</Filter>
    </ClInclude>
    <ClInclude Include="src\core\oggDecoder.h">
      <Filter>core</Filter>
    </ClInclude>
    <ClInclude Include="src\core\music.h">
      <Filter>core</Filter>
    </ClInclude>
    <ClInclude Include="src\entity\pickable.h">
      <Filter>entity</Filter>
    </ClInclude>
    <ClInclude Include="src\game\particleSystem.h">
      <Filter>game</Filter>
    </ClInclude>
    <ClInclude Include="src\game\particleData.h">
      <Filter>game</Filter>
    </ClInclude>
    <ClInclude Include="src\movements\accelMovement.h">
      <Filter>movments</Filter>
    </ClInclude>
    <ClInclude Include="src\game\itemAcquired.h">
      <Filter>game</Filter>
    </ClInclude>
    <ClInclude Include="src\movements\sequenceMovement.h">
      <Filter>movments</Filter>
    </ClInclude>
    <ClInclude Include="src\game\item.h">
      <Filter>game</Filter>
    </ClInclude>
    <ClInclude Include="src\game\gameResources.h">
      <Filter>game</Filter>
    </ClInclude>
    <ClInclude Include="src\game\gameResourceType.h">
      <Filter>game</Filter>
    </ClInclude>
    <ClInclude Include="src\game\itemBeg.h">
      <Filter>game</Filter>
    </ClInclude>
    <ClInclude Include="src\utils\reflect.h">
      <Filter>utils</Filter>
    </ClInclude>
    <ClInclude Include="src\lua\luaBinder.h">
      <Filter>lua</Filter>
    </ClInclude>
    <ClInclude Include="src\lua\luaBinder_private.h">
      <Filter>lua</Filter>
    </ClInclude>
    <ClInclude Include="src\core\mp3Decoder.h">
      <Filter>core</Filter>
    </ClInclude>
    <ClInclude Include="src\core\renderCommandPool.h">
      <Filter>core</Filter>
    </ClInclude>
    <ClInclude Include="src\core\textureCache.h">
      <Filter>core</Filter>
    </ClInclude>
    <ClInclude Include="src\game\quest.h">
      <Filter>game</Filter>
    </ClInclude>
    <ClInclude Include="src\main\string.h">
      <Filter>main</Filter>
    </ClInclude>
    <ClInclude Include="src\main\demo.h">
      <Filter>main</Filter>
    </ClInclude>
    <ClInclude Include="src\main\perf.h">
      <Filter>main</Filter>
    </ClInclude>
    <ClInclude Include="src\main\stb_image_write.h">
      <Filter>main</Filter>
    </ClInclude>
    <ClInclude Include="src\utils\stb_image.h">
      <Filter>utils</Filter>
    </ClInclude>
    <ClInclude Include="src\utils\stb_truetype.h">
      <Filter>utils</Filter>
    </ClInclude>
    <ClInclude Include="src\utils\nanovg.h">
      <Filter>utils</Filter>
    </ClInclude>
    <ClInclude Include="src\utils\nanovg_gl.h">
      <Filter>utils</Filter>
    </ClInclude>
    <ClInclude Include="src\utils\nanovg_gl_utils.h">
      <Filter>utils</Filter>
    </ClInclude>
    <ClInclude Include="src\core\perf.h">
      <Filter>core</Filter>
    </ClInclude>
    <ClInclude Include="src\gui\core\uiRender.h">
      <Filter>gui\core</Filter>
    </ClInclude>
    <ClInclude Include="src\core\vertexArray.h">
      <Filter>core</Filter>
    </ClInclude>
    <ClInclude Include="src\core\light.h">
      <Filter>core</Filter>
    </ClInclude>
    <ClInclude Include="src\game\mapGenerate.h">
      <Filter>game</Filter>
    </ClInclude>
    <ClInclude Include="src\core\renderPass.h">
      <Filter>core</Filter>
    </ClInclude>
    <ClInclude Include="src\entity\lightSource.h">
      <Filter>entity</Filter>
    </ClInclude>
    <ClInclude Include="src\gui\uiStage.h">
      <Filter>gui</Filter>
    </ClInclude>
  </ItemGroup>
  <ItemGroup>
    <None Include="packages.config" />
    <None Include="src\utils\size.inl">
      <Filter>utils</Filter>
    </None>
    <None Include="src\game\enumInfo.inl">
      <Filter>game</Filter>
    </None>
    <None Include="src\utils\color.inl">
      <Filter>utils</Filter>
    </None>
    <None Include="src\utils\vec3.inl">
      <Filter>utils</Filter>
    </None>
    <None Include="src\utils\vec2.inl">
      <Filter>utils</Filter>
    </None>
    <None Include="src\utils\matrix4.inl">
      <Filter>utils</Filter>
    </None>
    <None Include="src\utils\point.inl">
      <Filter>utils</Filter>
    </None>
    <None Include="src\utils\quadTree.inl">
      <Filter>utils</Filter>
    </None>
    <None Include="src\utils\rectangle.inl">
      <Filter>utils</Filter>
    </None>
    <None Include="src\lua\luaTools.inl">
      <Filter>lua</Filter>
    </None>
    <None Include="ClassDiagram.cd" />
    <None Include="src\utils\reflect.inl">
      <Filter>utils</Filter>
    </None>
    <None Include="src\lua\luaContext.inl">
      <Filter>lua</Filter>
    </None>
  </ItemGroup>
</Project>